{
  "name": "cubyl-timer",
  "version": "1.0.0",
  "lockfileVersion": 1,
  "requires": true,
  "dependencies": {
    "commander": {
      "version": "2.20.3",
      "resolved": "https://registry.npmjs.org/commander/-/commander-2.20.3.tgz",
      "integrity": "sha512-GpVkmM8vF2vQUkj2LvZmD35JxeJOLCwJ9cUkugyk2nuhbv3+mJvpLYYt+0+USMxE+oj+ey/lJEnhZw75x/OMcQ=="
    },
    "scrambo": {
      "version": "0.3.0",
      "resolved": "https://registry.npmjs.org/scrambo/-/scrambo-0.3.0.tgz",
      "integrity": "sha1-AzS07wx//NC32F/Rpn2JsLf7IE8=",
      "requires": {
        "commander": "^2.3.0"
      }
    }
  }
}
