{
  "name": "cubyl-timer",
  "version": "1.0.0",
  "lockfileVersion": 1,
  "requires": true,
  "dependencies": {
    "@types/resize-observer-browser": {
      "version": "0.1.5",
      "resolved": "https://registry.npmjs.org/@types/resize-observer-browser/-/resize-observer-browser-0.1.5.tgz",
      "integrity": "sha512-8k/67Z95Goa6Lznuykxkfhq9YU3l1Qe6LNZmwde1u7802a3x8v44oq0j91DICclxatTr0rNnhXx7+VTIetSrSQ=="
    },
    "@types/web-bluetooth": {
      "version": "0.0.4",
      "resolved": "https://registry.npmjs.org/@types/web-bluetooth/-/web-bluetooth-0.0.4.tgz",
      "integrity": "sha512-C+BgVBBGY9c6ixcc5PsKAmGaCy3bswZ5zx/AWIAik9dgFuBkFsXBA3ze69jJi05xdZQ99QkfBSVIX6zl+6Tmww=="
    },
    "comlink": {
      "version": "4.3.0",
      "resolved": "https://registry.npmjs.org/comlink/-/comlink-4.3.0.tgz",
      "integrity": "sha512-mu4KKKNuW8TvkfpW/H88HBPeILubBS6T94BdD1VWBXNXfiyqVtwUCVNO1GeNOBTsIswzsMjWlycYr+77F5b84g=="
    },
    "commander": {
      "version": "2.20.3",
      "resolved": "https://registry.npmjs.org/commander/-/commander-2.20.3.tgz",
      "integrity": "sha512-GpVkmM8vF2vQUkj2LvZmD35JxeJOLCwJ9cUkugyk2nuhbv3+mJvpLYYt+0+USMxE+oj+ey/lJEnhZw75x/OMcQ=="
    },
    "cubing": {
      "version": "0.14.8",
      "resolved": "https://registry.npmjs.org/cubing/-/cubing-0.14.8.tgz",
      "integrity": "sha512-9fG8FsOFX5RuPU6SnE2GngHi1KZzCJvFf5nv73A4Tt6DkARZTPRuakA9wr5lGPdLYQU0+Kh7/pNVC6H+c6NPuQ==",
      "requires": {
        "@types/resize-observer-browser": "^0.1.3",
        "@types/web-bluetooth": "0.0.4",
        "three": "^0.118.3"
      }
    },
    "scrambles": {
      "version": "0.1.13",
      "resolved": "https://registry.npmjs.org/scrambles/-/scrambles-0.1.13.tgz",
      "integrity": "sha512-iDxvtKHmi+bpkXyKYmHeG95UzBF6KP8G1yhp7jQOIcO5WdevGWSyOK0HdwRn/wO2yNQ1TtLEo4oJ5WPMkol9+A==",
      "requires": {
        "comlink": "^4.3.0",
        "cubing": "^0.14.3"
      }
    },
    "scrambo": {
      "version": "0.3.0",
      "resolved": "https://registry.npmjs.org/scrambo/-/scrambo-0.3.0.tgz",
      "integrity": "sha1-AzS07wx//NC32F/Rpn2JsLf7IE8=",
      "requires": {
        "commander": "^2.3.0"
      }
    },
    "three": {
      "version": "0.118.3",
      "resolved": "https://registry.npmjs.org/three/-/three-0.118.3.tgz",
      "integrity": "sha512-ijECXrNzDkHieoeh2H69kgawTGH8DiamhR4uBN8jEM7VHSKvfTdEvOoHsA8Aq7dh7PHAxhlqBsN5arBI3KixSw=="
    }
  }
}
